
Microsoft Visual Studio Solution File, Format Version 12.00
# Visual Studio Version 17
VisualStudioVersion = 17.6.33723.286
MinimumVisualStudioVersion = 10.0.40219.1
Project("{FAE04EC0-301F-11D3-BF4B-00C04F79EFBC}") = "Icomparable", "Icomparable\Icomparable.csproj", "{846E79A7-5AFC-4CDF-8B39-E7E13909E072}"
EndProject
Global
	GlobalSection(SolutionConfigurationPlatforms) = preSolution
		Debug|Any CPU = Debug|Any CPU
		Release|Any CPU = Release|Any CPU
	EndGlobalSection
	GlobalSection(ProjectConfigurationPlatforms) = postSolution
		{846E79A7-5AFC-4CDF-8B39-E7E13909E072}.Debug|Any CPU.ActiveCfg = Debug|Any CPU
		{846E79A7-5AFC-4CDF-8B39-E7E13909E072}.Debug|Any CPU.Build.0 = Debug|Any CPU
		{846E79A7-5AFC-4CDF-8B39-E7E13909E072}.Release|Any CPU.ActiveCfg = Release|Any CPU
		{846E79A7-5AFC-4CDF-8B39-E7E13909E072}.Release|Any CPU.Build.0 = Release|Any CPU
	EndGlobalSection
	GlobalSection(SolutionProperties) = preSolution
		HideSolutionNode = FALSE
	EndGlobalSection
	GlobalSection(ExtensibilityGlobals) = postSolution
		SolutionGuid = {38989F9B-5E67-4874-9632-1371B78E2A15}
	EndGlobalSection
EndGlobal
